PODS:
  - FoursquareAPIClient (2.0.0)
  - RxCocoa (3.0.0-rc.1):
    - RxSwift (~> 3.0.0-rc.1)
  - RxSwift (3.0.0-rc.1)
  - SwiftyJSON (3.1.1)

DEPENDENCIES:
  - FoursquareAPIClient
  - RxCocoa (= 3.0.0-rc.1)
  - RxSwift (= 3.0.0-rc.1)
  - SwiftyJSON

SPEC CHECKSUMS:
  FoursquareAPIClient: 243eb011fd35e223883086fbea993b5eac2de70c
  RxCocoa: e72a074a7f38896ec0382d096df5f58df10115c7
  RxSwift: d7a3819dd71789c473e3cbf1a0c02d58b2692739
  SwiftyJSON: f0be2e604f83e8405a624e9f891898bf6ed4e019

PODFILE CHECKSUM: 153f80e6ebab2f37ecba117786c5935e95d30faf

COCOAPODS: 1.1.1
