// !$*UTF8*$!
{
	archiveVersion = 1;
	classes = {
	};
	objectVersion = 46;
	objects = {

/* Begin PBXBuildFile section */
		214E23471CE7EF5F00FCD3FD /* Venue.swift in Sources */ = {isa = PBXBuildFile; fileRef = 214E23461CE7EF5F00FCD3FD /* Venue.swift */; };
		214E23491CE801FD00FCD3FD /* ViewModel.swift in Sources */ = {isa = PBXBuildFile; fileRef = 214E23481CE801FD00FCD3FD /* ViewModel.swift */; };
		214E234B1CE80C8E00FCD3FD /* DataSource.swift in Sources */ = {isa = PBXBuildFile; fileRef = 214E234A1CE80C8E00FCD3FD /* DataSource.swift */; };
		214E234D1CE810AD00FCD3FD /* Delegate.swift in Sources */ = {isa = PBXBuildFile; fileRef = 214E234C1CE810AD00FCD3FD /* Delegate.swift */; };
		21B53E6C1D4CC53E00416EF2 /* VenuesAPIClient.swift in Sources */ = {isa = PBXBuildFile; fileRef = 21B53E6B1D4CC53E00416EF2 /* VenuesAPIClient.swift */; };
		CC69619DC36B25DD8AC705E3 /* Pods_RxSwiftSample.framework in Frameworks */ = {isa = PBXBuildFile; fileRef = 609E23B56388F8950BE05797 /* Pods_RxSwiftSample.framework */; };
		DC6226691CE43E4A00B3AA01 /* AppDelegate.swift in Sources */ = {isa = PBXBuildFile; fileRef = DC6226681CE43E4A00B3AA01 /* AppDelegate.swift */; };
		DC62266B1CE43E4A00B3AA01 /* ViewController.swift in Sources */ = {isa = PBXBuildFile; fileRef = DC62266A1CE43E4A00B3AA01 /* ViewController.swift */; };
		DC62266E1CE43E4A00B3AA01 /* Main.storyboard in Resources */ = {isa = PBXBuildFile; fileRef = DC62266C1CE43E4A00B3AA01 /* Main.storyboard */; };
		DC6226701CE43E4A00B3AA01 /* Assets.xcassets in Resources */ = {isa = PBXBuildFile; fileRef = DC62266F1CE43E4A00B3AA01 /* Assets.xcassets */; };
		DC6226731CE43E4A00B3AA01 /* LaunchScreen.storyboard in Resources */ = {isa = PBXBuildFile; fileRef = DC6226711CE43E4A00B3AA01 /* LaunchScreen.storyboard */; };
/* End PBXBuildFile section */

/* Begin PBXFileReference section */
		1959BFCB888B736DFFAB570B /* Pods-RxSwiftSample.release.xcconfig */ = {isa = PBXFileReference; includeInIndex = 1; lastKnownFileType = text.xcconfig; name = "Pods-RxSwiftSample.release.xcconfig"; path = "Pods/Target Support Files/Pods-RxSwiftSample/Pods-RxSwiftSample.release.xcconfig"; sourceTree = "<group>"; };
		214E23461CE7EF5F00FCD3FD /* Venue.swift */ = {isa = PBXFileReference; fileEncoding = 4; lastKnownFileType = sourcecode.swift; path = Venue.swift; sourceTree = "<group>"; };
		214E23481CE801FD00FCD3FD /* ViewModel.swift */ = {isa = PBXFileReference; fileEncoding = 4; lastKnownFileType = sourcecode.swift; path = ViewModel.swift; sourceTree = "<group>"; };
		214E234A1CE80C8E00FCD3FD /* DataSource.swift */ = {isa = PBXFileReference; fileEncoding = 4; lastKnownFileType = sourcecode.swift; path = DataSource.swift; sourceTree = "<group>"; };
		214E234C1CE810AD00FCD3FD /* Delegate.swift */ = {isa = PBXFileReference; fileEncoding = 4; lastKnownFileType = sourcecode.swift; path = Delegate.swift; sourceTree = "<group>"; };
		21B53E6B1D4CC53E00416EF2 /* VenuesAPIClient.swift */ = {isa = PBXFileReference; fileEncoding = 4; lastKnownFileType = sourcecode.swift; path = VenuesAPIClient.swift; sourceTree = "<group>"; };
		609E23B56388F8950BE05797 /* Pods_RxSwiftSample.framework */ = {isa = PBXFileReference; explicitFileType = wrapper.framework; includeInIndex = 0; path = Pods_RxSwiftSample.framework; sourceTree = BUILT_PRODUCTS_DIR; };
		704FECE00FB5C2946614AB4B /* Pods-RxSwiftSample.debug.xcconfig */ = {isa = PBXFileReference; includeInIndex = 1; lastKnownFileType = text.xcconfig; name = "Pods-RxSwiftSample.debug.xcconfig"; path = "Pods/Target Support Files/Pods-RxSwiftSample/Pods-RxSwiftSample.debug.xcconfig"; sourceTree = "<group>"; };
		DC6226651CE43E4A00B3AA01 /* RxSwiftSample.app */ = {isa = PBXFileReference; explicitFileType = wrapper.application; includeInIndex = 0; path = RxSwiftSample.app; sourceTree = BUILT_PRODUCTS_DIR; };
		DC6226681CE43E4A00B3AA01 /* AppDelegate.swift */ = {isa = PBXFileReference; lastKnownFileType = sourcecode.swift; path = AppDelegate.swift; sourceTree = "<group>"; };
		DC62266A1CE43E4A00B3AA01 /* ViewController.swift */ = {isa = PBXFileReference; lastKnownFileType = sourcecode.swift; path = ViewController.swift; sourceTree = "<group>"; };
		DC62266D1CE43E4A00B3AA01 /* Base */ = {isa = PBXFileReference; lastKnownFileType = file.storyboard; name = Base; path = Base.lproj/Main.storyboard; sourceTree = "<group>"; };
		DC62266F1CE43E4A00B3AA01 /* Assets.xcassets */ = {isa = PBXFileReference; lastKnownFileType = folder.assetcatalog; path = Assets.xcassets; sourceTree = "<group>"; };
		DC6226721CE43E4A00B3AA01 /* Base */ = {isa = PBXFileReference; lastKnownFileType = file.storyboard; name = Base; path = Base.lproj/LaunchScreen.storyboard; sourceTree = "<group>"; };
		DC6226741CE43E4A00B3AA01 /* Info.plist */ = {isa = PBXFileReference; lastKnownFileType = text.plist.xml; path = Info.plist; sourceTree = "<group>"; };
/* End PBXFileReference section */

/* Begin PBXFrameworksBuildPhase section */
		DC6226621CE43E4A00B3AA01 /* Frameworks */ = {
			isa = PBXFrameworksBuildPhase;
			buildActionMask = 2147483647;
			files = (
				CC69619DC36B25DD8AC705E3 /* Pods_RxSwiftSample.framework in Frameworks */,
			);
			runOnlyForDeploymentPostprocessing = 0;
		};
/* End PBXFrameworksBuildPhase section */

/* Begin PBXGroup section */
		9AB0ECDE6CF2B26B1706CC82 /* Frameworks */ = {
			isa = PBXGroup;
			children = (
				609E23B56388F8950BE05797 /* Pods_RxSwiftSample.framework */,
			);
			name = Frameworks;
			sourceTree = "<group>";
		};
		DC62265C1CE43E4A00B3AA01 = {
			isa = PBXGroup;
			children = (
				DC6226671CE43E4A00B3AA01 /* RxSwiftSample */,
				DC6226661CE43E4A00B3AA01 /* Products */,
				EE96D9348A187E14C2A0CE44 /* Pods */,
				9AB0ECDE6CF2B26B1706CC82 /* Frameworks */,
			);
			sourceTree = "<group>";
		};
		DC6226661CE43E4A00B3AA01 /* Products */ = {
			isa = PBXGroup;
			children = (
				DC6226651CE43E4A00B3AA01 /* RxSwiftSample.app */,
			);
			name = Products;
			sourceTree = "<group>";
		};
		DC6226671CE43E4A00B3AA01 /* RxSwiftSample */ = {
			isa = PBXGroup;
			children = (
				DC6226681CE43E4A00B3AA01 /* AppDelegate.swift */,
				214E234A1CE80C8E00FCD3FD /* DataSource.swift */,
				214E234C1CE810AD00FCD3FD /* Delegate.swift */,
				DC62266A1CE43E4A00B3AA01 /* ViewController.swift */,
				214E23481CE801FD00FCD3FD /* ViewModel.swift */,
				214E23461CE7EF5F00FCD3FD /* Venue.swift */,
				21B53E6B1D4CC53E00416EF2 /* VenuesAPIClient.swift */,
				DC62266C1CE43E4A00B3AA01 /* Main.storyboard */,
				DC62266F1CE43E4A00B3AA01 /* Assets.xcassets */,
				DC6226711CE43E4A00B3AA01 /* LaunchScreen.storyboard */,
				DC6226741CE43E4A00B3AA01 /* Info.plist */,
			);
			path = RxSwiftSample;
			sourceTree = "<group>";
		};
		EE96D9348A187E14C2A0CE44 /* Pods */ = {
			isa = PBXGroup;
			children = (
				704FECE00FB5C2946614AB4B /* Pods-RxSwiftSample.debug.xcconfig */,
				1959BFCB888B736DFFAB570B /* Pods-RxSwiftSample.release.xcconfig */,
			);
			name = Pods;
			sourceTree = "<group>";
		};
/* End PBXGroup section */

/* Begin PBXNativeTarget section */
		DC6226641CE43E4A00B3AA01 /* RxSwiftSample */ = {
			isa = PBXNativeTarget;
			buildConfigurationList = DC6226771CE43E4A00B3AA01 /* Build configuration list for PBXNativeTarget "RxSwiftSample" */;
			buildPhases = (
				A7013D763CE7CB379EC29ABB /* [CP] Check Pods Manifest.lock */,
				DC6226611CE43E4A00B3AA01 /* Sources */,
				DC6226621CE43E4A00B3AA01 /* Frameworks */,
				DC6226631CE43E4A00B3AA01 /* Resources */,
				FF2BFBE8D96F47A346DEFB25 /* [CP] Embed Pods Frameworks */,
				F5686A02CA3B34CFAA9F6D54 /* [CP] Copy Pods Resources */,
			);
			buildRules = (
			);
			dependencies = (
			);
			name = RxSwiftSample;
			productName = RxSwiftSample;
			productReference = DC6226651CE43E4A00B3AA01 /* RxSwiftSample.app */;
			productType = "com.apple.product-type.application";
		};
/* End PBXNativeTarget section */

/* Begin PBXProject section */
		DC62265D1CE43E4A00B3AA01 /* Project object */ = {
			isa = PBXProject;
			attributes = {
				LastSwiftUpdateCheck = 0730;
				LastUpgradeCheck = 0730;
				ORGANIZATIONNAME = koogawa;
				TargetAttributes = {
					DC6226641CE43E4A00B3AA01 = {
						CreatedOnToolsVersion = 7.3.1;
					};
				};
			};
			buildConfigurationList = DC6226601CE43E4A00B3AA01 /* Build configuration list for PBXProject "RxSwiftSample" */;
			compatibilityVersion = "Xcode 3.2";
			developmentRegion = English;
			hasScannedForEncodings = 0;
			knownRegions = (
				en,
				Base,
			);
			mainGroup = DC62265C1CE43E4A00B3AA01;
			productRefGroup = DC6226661CE43E4A00B3AA01 /* Products */;
			projectDirPath = "";
			projectRoot = "";
			targets = (
				DC6226641CE43E4A00B3AA01 /* RxSwiftSample */,
			);
		};
/* End PBXProject section */

/* Begin PBXResourcesBuildPhase section */
		DC6226631CE43E4A00B3AA01 /* Resources */ = {
			isa = PBXResourcesBuildPhase;
			buildActionMask = 2147483647;
			files = (
				DC6226731CE43E4A00B3AA01 /* LaunchScreen.storyboard in Resources */,
				DC6226701CE43E4A00B3AA01 /* Assets.xcassets in Resources */,
				DC62266E1CE43E4A00B3AA01 /* Main.storyboard in Resources */,
			);
			runOnlyForDeploymentPostprocessing = 0;
		};
/* End PBXResourcesBuildPhase section */

/* Begin PBXShellScriptBuildPhase section */
		A7013D763CE7CB379EC29ABB /* [CP] Check Pods Manifest.lock */ = {
			isa = PBXShellScriptBuildPhase;
			buildActionMask = 2147483647;
			files = (
			);
			inputPaths = (
			);
			name = "[CP] Check Pods Manifest.lock";
			outputPaths = (
			);
			runOnlyForDeploymentPostprocessing = 0;
			shellPath = /bin/sh;
			shellScript = "diff \"${PODS_ROOT}/../Podfile.lock\" \"${PODS_ROOT}/Manifest.lock\" > /dev/null\nif [ $? != 0 ] ; then\n    # print error to STDERR\n    echo \"error: The sandbox is not in sync with the Podfile.lock. Run 'pod install' or update your CocoaPods installation.\" >&2\n    exit 1\nfi\n";
			showEnvVarsInLog = 0;
		};
		F5686A02CA3B34CFAA9F6D54 /* [CP] Copy Pods Resources */ = {
			isa = PBXShellScriptBuildPhase;
			buildActionMask = 2147483647;
			files = (
			);
			inputPaths = (
			);
			name = "[CP] Copy Pods Resources";
			outputPaths = (
			);
			runOnlyForDeploymentPostprocessing = 0;
			shellPath = /bin/sh;
			shellScript = "\"${SRCROOT}/Pods/Target Support Files/Pods-RxSwiftSample/Pods-RxSwiftSample-resources.sh\"\n";
			showEnvVarsInLog = 0;
		};
		FF2BFBE8D96F47A346DEFB25 /* [CP] Embed Pods Frameworks */ = {
			isa = PBXShellScriptBuildPhase;
			buildActionMask = 2147483647;
			files = (
			);
			inputPaths = (
			);
			name = "[CP] Embed Pods Frameworks";
			outputPaths = (
			);
			runOnlyForDeploymentPostprocessing = 0;
			shellPath = /bin/sh;
			shellScript = "\"${SRCROOT}/Pods/Target Support Files/Pods-RxSwiftSample/Pods-RxSwiftSample-frameworks.sh\"\n";
			showEnvVarsInLog = 0;
		};
/* End PBXShellScriptBuildPhase section */

/* Begin PBXSourcesBuildPhase section */
		DC6226611CE43E4A00B3AA01 /* Sources */ = {
			isa = PBXSourcesBuildPhase;
			buildActionMask = 2147483647;
			files = (
				214E234D1CE810AD00FCD3FD /* Delegate.swift in Sources */,
				DC62266B1CE43E4A00B3AA01 /* ViewController.swift in Sources */,
				21B53E6C1D4CC53E00416EF2 /* VenuesAPIClient.swift in Sources */,
				214E23471CE7EF5F00FCD3FD /* Venue.swift in Sources */,
				214E23491CE801FD00FCD3FD /* ViewModel.swift in Sources */,
				214E234B1CE80C8E00FCD3FD /* DataSource.swift in Sources */,
				DC6226691CE43E4A00B3AA01 /* AppDelegate.swift in Sources */,
			);
			runOnlyForDeploymentPostprocessing = 0;
		};
/* End PBXSourcesBuildPhase section */

/* Begin PBXVariantGroup section */
		DC62266C1CE43E4A00B3AA01 /* Main.storyboard */ = {
			isa = PBXVariantGroup;
			children = (
				DC62266D1CE43E4A00B3AA01 /* Base */,
			);
			name = Main.storyboard;
			sourceTree = "<group>";
		};
		DC6226711CE43E4A00B3AA01 /* LaunchScreen.storyboard */ = {
			isa = PBXVariantGroup;
			children = (
				DC6226721CE43E4A00B3AA01 /* Base */,
			);
			name = LaunchScreen.storyboard;
			sourceTree = "<group>";
		};
/* End PBXVariantGroup section */

/* Begin XCBuildConfiguration section */
		DC6226751CE43E4A00B3AA01 /* Debug */ = {
			isa = XCBuildConfiguration;
			buildSettings = {
				ALWAYS_SEARCH_USER_PATHS = NO;
				CLANG_ANALYZER_NONNULL = YES;
				CLANG_CXX_LANGUAGE_STANDARD = "gnu++0x";
				CLANG_CXX_LIBRARY = "libc++";
				CLANG_ENABLE_MODULES = YES;
				CLANG_ENABLE_OBJC_ARC = YES;
				CLANG_WARN_BOOL_CONVERSION = YES;
				CLANG_WARN_CONSTANT_CONVERSION = YES;
				CLANG_WARN_DIRECT_OBJC_ISA_USAGE = YES_ERROR;
				CLANG_WARN_EMPTY_BODY = YES;
				CLANG_WARN_ENUM_CONVERSION = YES;
				CLANG_WARN_INT_CONVERSION = YES;
				CLANG_WARN_OBJC_ROOT_CLASS = YES_ERROR;
				CLANG_WARN_UNREACHABLE_CODE = YES;
				CLANG_WARN__DUPLICATE_METHOD_MATCH = YES;
				"CODE_SIGN_IDENTITY[sdk=iphoneos*]" = "iPhone Developer";
				COPY_PHASE_STRIP = NO;
				DEBUG_INFORMATION_FORMAT = dwarf;
				ENABLE_STRICT_OBJC_MSGSEND = YES;
				ENABLE_TESTABILITY = YES;
				GCC_C_LANGUAGE_STANDARD = gnu99;
				GCC_DYNAMIC_NO_PIC = NO;
				GCC_NO_COMMON_BLOCKS = YES;
				GCC_OPTIMIZATION_LEVEL = 0;
				GCC_PREPROCESSOR_DEFINITIONS = (
					"DEBUG=1",
					"$(inherited)",
				);
				GCC_WARN_64_TO_32_BIT_CONVERSION = YES;
				GCC_WARN_ABOUT_RETURN_TYPE = YES_ERROR;
				GCC_WARN_UNDECLARED_SELECTOR = YES;
				GCC_WARN_UNINITIALIZED_AUTOS = YES_AGGRESSIVE;
				GCC_WARN_UNUSED_FUNCTION = YES;
				GCC_WARN_UNUSED_VARIABLE = YES;
				IPHONEOS_DEPLOYMENT_TARGET = 9.3;
				MTL_ENABLE_DEBUG_INFO = YES;
				ONLY_ACTIVE_ARCH = YES;
				SDKROOT = iphoneos;
				SWIFT_OPTIMIZATION_LEVEL = "-Onone";
			};
			name = Debug;
		};
		DC6226761CE43E4A00B3AA01 /* Release */ = {
			isa = XCBuildConfiguration;
			buildSettings = {
				ALWAYS_SEARCH_USER_PATHS = NO;
				CLANG_ANALYZER_NONNULL = YES;
				CLANG_CXX_LANGUAGE_STANDARD = "gnu++0x";
				CLANG_CXX_LIBRARY = "libc++";
				CLANG_ENABLE_MODULES = YES;
				CLANG_ENABLE_OBJC_ARC = YES;
				CLANG_WARN_BOOL_CONVERSION = YES;
				CLANG_WARN_CONSTANT_CONVERSION = YES;
				CLANG_WARN_DIRECT_OBJC_ISA_USAGE = YES_ERROR;
				CLANG_WARN_EMPTY_BODY = YES;
				CLANG_WARN_ENUM_CONVERSION = YES;
				CLANG_WARN_INT_CONVERSION = YES;
				CLANG_WARN_OBJC_ROOT_CLASS = YES_ERROR;
				CLANG_WARN_UNREACHABLE_CODE = YES;
				CLANG_WARN__DUPLICATE_METHOD_MATCH = YES;
				"CODE_SIGN_IDENTITY[sdk=iphoneos*]" = "iPhone Developer";
				COPY_PHASE_STRIP = NO;
				DEBUG_INFORMATION_FORMAT = "dwarf-with-dsym";
				ENABLE_NS_ASSERTIONS = NO;
				ENABLE_STRICT_OBJC_MSGSEND = YES;
				GCC_C_LANGUAGE_STANDARD = gnu99;
				GCC_NO_COMMON_BLOCKS = YES;
				GCC_WARN_64_TO_32_BIT_CONVERSION = YES;
				GCC_WARN_ABOUT_RETURN_TYPE = YES_ERROR;
				GCC_WARN_UNDECLARED_SELECTOR = YES;
				GCC_WARN_UNINITIALIZED_AUTOS = YES_AGGRESSIVE;
				GCC_WARN_UNUSED_FUNCTION = YES;
				GCC_WARN_UNUSED_VARIABLE = YES;
				IPHONEOS_DEPLOYMENT_TARGET = 9.3;
				MTL_ENABLE_DEBUG_INFO = NO;
				SDKROOT = iphoneos;
				VALIDATE_PRODUCT = YES;
			};
			name = Release;
		};
		DC6226781CE43E4A00B3AA01 /* Debug */ = {
			isa = XCBuildConfiguration;
			baseConfigurationReference = 704FECE00FB5C2946614AB4B /* Pods-RxSwiftSample.debug.xcconfig */;
			buildSettings = {
				ASSETCATALOG_COMPILER_APPICON_NAME = AppIcon;
				INFOPLIST_FILE = RxSwiftSample/Info.plist;
				LD_RUNPATH_SEARCH_PATHS = "$(inherited) @executable_path/Frameworks";
				PRODUCT_BUNDLE_IDENTIFIER = com.koogawa.RxSwiftSample;
				PRODUCT_NAME = "$(TARGET_NAME)";
				SWIFT_VERSION = 3.0;
			};
			name = Debug;
		};
		DC6226791CE43E4A00B3AA01 /* Release */ = {
			isa = XCBuildConfiguration;
			baseConfigurationReference = 1959BFCB888B736DFFAB570B /* Pods-RxSwiftSample.release.xcconfig */;
			buildSettings = {
				ASSETCATALOG_COMPILER_APPICON_NAME = AppIcon;
				INFOPLIST_FILE = RxSwiftSample/Info.plist;
				LD_RUNPATH_SEARCH_PATHS = "$(inherited) @executable_path/Frameworks";
				PRODUCT_BUNDLE_IDENTIFIER = com.koogawa.RxSwiftSample;
				PRODUCT_NAME = "$(TARGET_NAME)";
				SWIFT_VERSION = 3.0;
			};
			name = Release;
		};
/* End XCBuildConfiguration section */

/* Begin XCConfigurationList section */
		DC6226601CE43E4A00B3AA01 /* Build configuration list for PBXProject "RxSwiftSample" */ = {
			isa = XCConfigurationList;
			buildConfigurations = (
				DC6226751CE43E4A00B3AA01 /* Debug */,
				DC6226761CE43E4A00B3AA01 /* Release */,
			);
			defaultConfigurationIsVisible = 0;
			defaultConfigurationName = Release;
		};
		DC6226771CE43E4A00B3AA01 /* Build configuration list for PBXNativeTarget "RxSwiftSample" */ = {
			isa = XCConfigurationList;
			buildConfigurations = (
				DC6226781CE43E4A00B3AA01 /* Debug */,
				DC6226791CE43E4A00B3AA01 /* Release */,
			);
			defaultConfigurationIsVisible = 0;
			defaultConfigurationName = Release;
		};
/* End XCConfigurationList section */
	};
	rootObject = DC62265D1CE43E4A00B3AA01 /* Project object */;
}
